dependencies:
- name: grafana-agent
  repository: https://grafana.github.io/helm-charts
  version: 0.29.0
- name: grafana-agent
  repository: https://grafana.github.io/helm-charts
  version: 0.29.0
- name: kube-state-metrics
  repository: https://prometheus-community.github.io/helm-charts
  version: 5.15.2
- name: prometheus-node-exporter
  repository: https://prometheus-community.github.io/helm-charts
  version: 4.24.0
- name: prometheus-operator-crds
  repository: https://prometheus-community.github.io/helm-charts
  version: 8.0.1
- name: prometheus-windows-exporter
  repository: https://prometheus-community.github.io/helm-charts
  version: 0.1.2
- name: opencost
  repository: https://opencost.github.io/opencost-helm-chart
  version: 1.27.0
- name: trivy-operator
  repository: https://aquasecurity.github.io/helm-charts
  version: 0.19.1
digest: sha256:138f38ff300968339bff7fd34a1de7148a663a7766fbed2fe99419b0a951280d
generated: "2023-12-14T17:12:45.305537-06:00"
